github.com/alessio-palumbo/lifxlan-go v0.14.3 h1:8Qql5/vZDRE4c3TWrC5L6X4wZkS5KKehYVJylQsD4Uk=
github.com/alessio-palumbo/lifxlan-go v0.14.3/go.mod h1:FMyKzB+KBU2gtiCF+KORDLLtrbV3wtbIoyJXy4afTHs=
github.com/alessio-palumbo/lifxprotocol-go v0.5.0 h1:v3ttcFeMn2VhtwJHs69Spc4W5UHglvO+z0PgPiHuOSE=
github.com/alessio-palumbo/lifxprotocol-go v0.5.0/go.mod h1:Wvmw7KNc2ieF6CPM8Of0EdWW0e/w5nlTwK7sLwMDbJ0=
github.com/alessio-palumbo/lifxregistry-go v0.4.0 h1:Yu7KbNbwEu6RUJQ1Z99+s9RNjxZysdTggEJHWgqGgj4=
github.com/alessio-palumbo/lifxregistry-go v0.4.0/go.mod h1:42P1qmWK+kzuqJp9cvWjFUgcru+10bZ+w4MSRAQGCZo=
github.com/stretchr/testify v1.12.1 h1:EuwCh5fleGS7H32xRwO3wRGT7DxrDhLAT6FF8MpWDWE=
github.com/stretchr/testify v1.12.1/go.mod h1:MDEgiDPPsNp5cuIrHPPCyornHKgEVbtFUmoNlxoYthg=
go.yaml.in/yaml/v3 v3.0.5 h1:N6y/pJk8buWs9NY5ERU2HSMfm+IuD/OtfdAnq6kESPw=
go.yaml.in/yaml/v3 v3.0.5/go.mod h1:HVTZu1O7/Vkt2N+BFy8Zza+lnLsABggaTM2ZpNIGuKg=
